// !$*UTF8*$!
{
	archiveVersion = 1;
	classes = {
	};
	objectVersion = 50;
	objects = {

/* Begin PBXBuildFile section */
		6B39540823349E2A006A86CC /* DDK.bundle in Resources */ = {isa = PBXBuildFile; fileRef = 6B39540723349E29006A86CC /* DDK.bundle */; };
		6BDE0BDE22D2DCD60042321C /* AppDelegate.swift in Sources */ = {isa = PBXBuildFile; fileRef = 6BDE0BDD22D2DCD60042321C /* AppDelegate.swift */; };
		6BDE0BE022D2DCD60042321C /* ViewController.swift in Sources */ = {isa = PBXBuildFile; fileRef = 6BDE0BDF22D2DCD60042321C /* ViewController.swift */; };
		6BDE0BE322D2DCD60042321C /* Main.storyboard in Resources */ = {isa = PBXBuildFile; fileRef = 6BDE0BE122D2DCD60042321C /* Main.storyboard */; };
		6BDE0BE522D2DCD70042321C /* Assets.xcassets in Resources */ = {isa = PBXBuildFile; fileRef = 6BDE0BE422D2DCD70042321C /* Assets.xcassets */; };
		6BDE0BE822D2DCD70042321C /* LaunchScreen.storyboard in Resources */ = {isa = PBXBuildFile; fileRef = 6BDE0BE622D2DCD70042321C /* LaunchScreen.storyboard */; };
		6BDE0BF322D2DCD70042321C /* SwiftDemoTests.swift in Sources */ = {isa = PBXBuildFile; fileRef = 6BDE0BF222D2DCD70042321C /* SwiftDemoTests.swift */; };
		6BDE0BFE22D2DCD70042321C /* SwiftDemoUITests.swift in Sources */ = {isa = PBXBuildFile; fileRef = 6BDE0BFD22D2DCD70042321C /* SwiftDemoUITests.swift */; };
		6BDE0C0C22D308940042321C /* Demo.swift in Sources */ = {isa = PBXBuildFile; fileRef = 6BDE0C0B22D308940042321C /* Demo.swift */; };
		6BECBE4722D4425A0039CB66 /* OpDemo.swift in Sources */ = {isa = PBXBuildFile; fileRef = 6BECBE4622D4425A0039CB66 /* OpDemo.swift */; };
		74806FD8266772C800F7CDD3 /* UIDemo.swift in Sources */ = {isa = PBXBuildFile; fileRef = 74806FD7266772C800F7CDD3 /* UIDemo.swift */; };
/* End PBXBuildFile section */

/* Begin PBXContainerItemProxy section */
		6BDE0BEF22D2DCD70042321C /* PBXContainerItemProxy */ = {
			isa = PBXContainerItemProxy;
			containerPortal = 6BDE0BD222D2DCD60042321C /* Project object */;
			proxyType = 1;
			remoteGlobalIDString = 6BDE0BD922D2DCD60042321C;
			remoteInfo = SwiftDemo;
		};
		6BDE0BFA22D2DCD70042321C /* PBXContainerItemProxy */ = {
			isa = PBXContainerItemProxy;
			containerPortal = 6BDE0BD222D2DCD60042321C /* Project object */;
			proxyType = 1;
			remoteGlobalIDString = 6BDE0BD922D2DCD60042321C;
			remoteInfo = SwiftDemo;
		};
/* End PBXContainerItemProxy section */

/* Begin PBXFileReference section */
		6B39540723349E29006A86CC /* DDK.bundle */ = {isa = PBXFileReference; lastKnownFileType = "wrapper.plug-in"; path = DDK.bundle; sourceTree = "<group>"; };
		6BDE0BDA22D2DCD60042321C /* SwiftDemo.app */ = {isa = PBXFileReference; explicitFileType = wrapper.application; includeInIndex = 0; path = SwiftDemo.app; sourceTree = BUILT_PRODUCTS_DIR; };
		6BDE0BDD22D2DCD60042321C /* AppDelegate.swift */ = {isa = PBXFileReference; lastKnownFileType = sourcecode.swift; path = AppDelegate.swift; sourceTree = "<group>"; };
		6BDE0BDF22D2DCD60042321C /* ViewController.swift */ = {isa = PBXFileReference; lastKnownFileType = sourcecode.swift; path = ViewController.swift; sourceTree = "<group>"; };
		6BDE0BE222D2DCD60042321C /* Base */ = {isa = PBXFileReference; lastKnownFileType = file.storyboard; name = Base; path = Base.lproj/Main.storyboard; sourceTree = "<group>"; };
		6BDE0BE422D2DCD70042321C /* Assets.xcassets */ = {isa = PBXFileReference; lastKnownFileType = folder.assetcatalog; path = Assets.xcassets; sourceTree = "<group>"; };
		6BDE0BE722D2DCD70042321C /* Base */ = {isa = PBXFileReference; lastKnownFileType = file.storyboard; name = Base; path = Base.lproj/LaunchScreen.storyboard; sourceTree = "<group>"; };
		6BDE0BE922D2DCD70042321C /* Info.plist */ = {isa = PBXFileReference; lastKnownFileType = text.plist.xml; path = Info.plist; sourceTree = "<group>"; };
		6BDE0BEE22D2DCD70042321C /* SwiftDemoTests.xctest */ = {isa = PBXFileReference; explicitFileType = wrapper.cfbundle; includeInIndex = 0; path = SwiftDemoTests.xctest; sourceTree = BUILT_PRODUCTS_DIR; };
		6BDE0BF222D2DCD70042321C /* SwiftDemoTests.swift */ = {isa = PBXFileReference; lastKnownFileType = sourcecode.swift; path = SwiftDemoTests.swift; sourceTree = "<group>"; };
		6BDE0BF422D2DCD70042321C /* Info.plist */ = {isa = PBXFileReference; lastKnownFileType = text.plist.xml; path = Info.plist; sourceTree = "<group>"; };
		6BDE0BF922D2DCD70042321C /* SwiftDemoUITests.xctest */ = {isa = PBXFileReference; explicitFileType = wrapper.cfbundle; includeInIndex = 0; path = SwiftDemoUITests.xctest; sourceTree = BUILT_PRODUCTS_DIR; };
		6BDE0BFD22D2DCD70042321C /* SwiftDemoUITests.swift */ = {isa = PBXFileReference; lastKnownFileType = sourcecode.swift; path = SwiftDemoUITests.swift; sourceTree = "<group>"; };
		6BDE0BFF22D2DCD70042321C /* Info.plist */ = {isa = PBXFileReference; lastKnownFileType = text.plist.xml; path = Info.plist; sourceTree = "<group>"; };
		6BDE0C0B22D308940042321C /* Demo.swift */ = {isa = PBXFileReference; lastKnownFileType = sourcecode.swift; path = Demo.swift; sourceTree = "<group>"; };
		6BECBE4622D4425A0039CB66 /* OpDemo.swift */ = {isa = PBXFileReference; lastKnownFileType = sourcecode.swift; path = OpDemo.swift; sourceTree = "<group>"; };
		74806FD7266772C800F7CDD3 /* UIDemo.swift */ = {isa = PBXFileReference; lastKnownFileType = sourcecode.swift; path = UIDemo.swift; sourceTree = "<group>"; };
/* End PBXFileReference section */

/* Begin PBXFrameworksBuildPhase section */
		6BDE0BD722D2DCD60042321C /* Frameworks */ = {
			isa = PBXFrameworksBuildPhase;
			buildActionMask = 2147483647;
			files = (
			);
			runOnlyForDeploymentPostprocessing = 0;
		};
		6BDE0BEB22D2DCD70042321C /* Frameworks */ = {
			isa = PBXFrameworksBuildPhase;
			buildActionMask = 2147483647;
			files = (
			);
			runOnlyForDeploymentPostprocessing = 0;
		};
		6BDE0BF622D2DCD70042321C /* Frameworks */ = {
			isa = PBXFrameworksBuildPhase;
			buildActionMask = 2147483647;
			files = (
			);
			runOnlyForDeploymentPostprocessing = 0;
		};
/* End PBXFrameworksBuildPhase section */

/* Begin PBXGroup section */
		6BDE0BD122D2DCD60042321C = {
			isa = PBXGroup;
			children = (
				6BDE0BDC22D2DCD60042321C /* SwiftDemo */,
				6BDE0BF122D2DCD70042321C /* SwiftDemoTests */,
				6BDE0BFC22D2DCD70042321C /* SwiftDemoUITests */,
				6BDE0BDB22D2DCD60042321C /* Products */,
			);
			sourceTree = "<group>";
		};
		6BDE0BDB22D2DCD60042321C /* Products */ = {
			isa = PBXGroup;
			children = (
				6BDE0BDA22D2DCD60042321C /* SwiftDemo.app */,
				6BDE0BEE22D2DCD70042321C /* SwiftDemoTests.xctest */,
				6BDE0BF922D2DCD70042321C /* SwiftDemoUITests.xctest */,
			);
			name = Products;
			sourceTree = "<group>";
		};
		6BDE0BDC22D2DCD60042321C /* SwiftDemo */ = {
			isa = PBXGroup;
			children = (
				6B39540723349E29006A86CC /* DDK.bundle */,
				6BDE0BDD22D2DCD60042321C /* AppDelegate.swift */,
				6BDE0BDF22D2DCD60042321C /* ViewController.swift */,
				6BDE0C0B22D308940042321C /* Demo.swift */,
				6BECBE4622D4425A0039CB66 /* OpDemo.swift */,
				74806FD7266772C800F7CDD3 /* UIDemo.swift */,
				6BDE0BE122D2DCD60042321C /* Main.storyboard */,
				6BDE0BE422D2DCD70042321C /* Assets.xcassets */,
				6BDE0BE622D2DCD70042321C /* LaunchScreen.storyboard */,
				6BDE0BE922D2DCD70042321C /* Info.plist */,
			);
			path = SwiftDemo;
			sourceTree = "<group>";
		};
		6BDE0BF122D2DCD70042321C /* SwiftDemoTests */ = {
			isa = PBXGroup;
			children = (
				6BDE0BF222D2DCD70042321C /* SwiftDemoTests.swift */,
				6BDE0BF422D2DCD70042321C /* Info.plist */,
			);
			path = SwiftDemoTests;
			sourceTree = "<group>";
		};
		6BDE0BFC22D2DCD70042321C /* SwiftDemoUITests */ = {
			isa = PBXGroup;
			children = (
				6BDE0BFD22D2DCD70042321C /* SwiftDemoUITests.swift */,
				6BDE0BFF22D2DCD70042321C /* Info.plist */,
			);
			path = SwiftDemoUITests;
			sourceTree = "<group>";
		};
/* End PBXGroup section */

/* Begin PBXNativeTarget section */
		6BDE0BD922D2DCD60042321C /* SwiftDemo */ = {
			isa = PBXNativeTarget;
			buildConfigurationList = 6BDE0C0222D2DCD70042321C /* Build configuration list for PBXNativeTarget "SwiftDemo" */;
			buildPhases = (
				6BDE0BD622D2DCD60042321C /* Sources */,
				6BDE0BD722D2DCD60042321C /* Frameworks */,
				6BDE0BD822D2DCD60042321C /* Resources */,
			);
			buildRules = (
			);
			dependencies = (
			);
			name = SwiftDemo;
			productName = SwiftDemo;
			productReference = 6BDE0BDA22D2DCD60042321C /* SwiftDemo.app */;
			productType = "com.apple.product-type.application";
		};
		6BDE0BED22D2DCD70042321C /* SwiftDemoTests */ = {
			isa = PBXNativeTarget;
			buildConfigurationList = 6BDE0C0522D2DCD70042321C /* Build configuration list for PBXNativeTarget "SwiftDemoTests" */;
			buildPhases = (
				6BDE0BEA22D2DCD70042321C /* Sources */,
				6BDE0BEB22D2DCD70042321C /* Frameworks */,
				6BDE0BEC22D2DCD70042321C /* Resources */,
			);
			buildRules = (
			);
			dependencies = (
				6BDE0BF022D2DCD70042321C /* PBXTargetDependency */,
			);
			name = SwiftDemoTests;
			productName = SwiftDemoTests;
			productReference = 6BDE0BEE22D2DCD70042321C /* SwiftDemoTests.xctest */;
			productType = "com.apple.product-type.bundle.unit-test";
		};
		6BDE0BF822D2DCD70042321C /* SwiftDemoUITests */ = {
			isa = PBXNativeTarget;
			buildConfigurationList = 6BDE0C0822D2DCD70042321C /* Build configuration list for PBXNativeTarget "SwiftDemoUITests" */;
			buildPhases = (
				6BDE0BF522D2DCD70042321C /* Sources */,
				6BDE0BF622D2DCD70042321C /* Frameworks */,
				6BDE0BF722D2DCD70042321C /* Resources */,
			);
			buildRules = (
			);
			dependencies = (
				6BDE0BFB22D2DCD70042321C /* PBXTargetDependency */,
			);
			name = SwiftDemoUITests;
			productName = SwiftDemoUITests;
			productReference = 6BDE0BF922D2DCD70042321C /* SwiftDemoUITests.xctest */;
			productType = "com.apple.product-type.bundle.ui-testing";
		};
/* End PBXNativeTarget section */

/* Begin PBXProject section */
		6BDE0BD222D2DCD60042321C /* Project object */ = {
			isa = PBXProject;
			attributes = {
				LastSwiftUpdateCheck = 1020;
				LastUpgradeCheck = 1020;
				ORGANIZATIONNAME = "山神";
				TargetAttributes = {
					6BDE0BD922D2DCD60042321C = {
						CreatedOnToolsVersion = 10.2.1;
					};
					6BDE0BED22D2DCD70042321C = {
						CreatedOnToolsVersion = 10.2.1;
						TestTargetID = 6BDE0BD922D2DCD60042321C;
					};
					6BDE0BF822D2DCD70042321C = {
						CreatedOnToolsVersion = 10.2.1;
						TestTargetID = 6BDE0BD922D2DCD60042321C;
					};
				};
			};
			buildConfigurationList = 6BDE0BD522D2DCD60042321C /* Build configuration list for PBXProject "SwiftDemo" */;
			compatibilityVersion = "Xcode 9.3";
			developmentRegion = en;
			hasScannedForEncodings = 0;
			knownRegions = (
				en,
				Base,
			);
			mainGroup = 6BDE0BD122D2DCD60042321C;
			productRefGroup = 6BDE0BDB22D2DCD60042321C /* Products */;
			projectDirPath = "";
			projectRoot = "";
			targets = (
				6BDE0BD922D2DCD60042321C /* SwiftDemo */,
				6BDE0BED22D2DCD70042321C /* SwiftDemoTests */,
				6BDE0BF822D2DCD70042321C /* SwiftDemoUITests */,
			);
		};
/* End PBXProject section */

/* Begin PBXResourcesBuildPhase section */
		6BDE0BD822D2DCD60042321C /* Resources */ = {
			isa = PBXResourcesBuildPhase;
			buildActionMask = 2147483647;
			files = (
				6BDE0BE822D2DCD70042321C /* LaunchScreen.storyboard in Resources */,
				6B39540823349E2A006A86CC /* DDK.bundle in Resources */,
				6BDE0BE522D2DCD70042321C /* Assets.xcassets in Resources */,
				6BDE0BE322D2DCD60042321C /* Main.storyboard in Resources */,
			);
			runOnlyForDeploymentPostprocessing = 0;
		};
		6BDE0BEC22D2DCD70042321C /* Resources */ = {
			isa = PBXResourcesBuildPhase;
			buildActionMask = 2147483647;
			files = (
			);
			runOnlyForDeploymentPostprocessing = 0;
		};
		6BDE0BF722D2DCD70042321C /* Resources */ = {
			isa = PBXResourcesBuildPhase;
			buildActionMask = 2147483647;
			files = (
			);
			runOnlyForDeploymentPostprocessing = 0;
		};
/* End PBXResourcesBuildPhase section */

/* Begin PBXSourcesBuildPhase section */
		6BDE0BD622D2DCD60042321C /* Sources */ = {
			isa = PBXSourcesBuildPhase;
			buildActionMask = 2147483647;
			files = (
				6BDE0BE022D2DCD60042321C /* ViewController.swift in Sources */,
				6BDE0BDE22D2DCD60042321C /* AppDelegate.swift in Sources */,
				6BDE0C0C22D308940042321C /* Demo.swift in Sources */,
				6BECBE4722D4425A0039CB66 /* OpDemo.swift in Sources */,
				74806FD8266772C800F7CDD3 /* UIDemo.swift in Sources */,
			);
			runOnlyForDeploymentPostprocessing = 0;
		};
		6BDE0BEA22D2DCD70042321C /* Sources */ = {
			isa = PBXSourcesBuildPhase;
			buildActionMask = 2147483647;
			files = (
				6BDE0BF322D2DCD70042321C /* SwiftDemoTests.swift in Sources */,
			);
			runOnlyForDeploymentPostprocessing = 0;
		};
		6BDE0BF522D2DCD70042321C /* Sources */ = {
			isa = PBXSourcesBuildPhase;
			buildActionMask = 2147483647;
			files = (
				6BDE0BFE22D2DCD70042321C /* SwiftDemoUITests.swift in Sources */,
			);
			runOnlyForDeploymentPostprocessing = 0;
		};
/* End PBXSourcesBuildPhase section */

/* Begin PBXTargetDependency section */
		6BDE0BF022D2DCD70042321C /* PBXTargetDependency */ = {
			isa = PBXTargetDependency;
			target = 6BDE0BD922D2DCD60042321C /* SwiftDemo */;
			targetProxy = 6BDE0BEF22D2DCD70042321C /* PBXContainerItemProxy */;
		};
		6BDE0BFB22D2DCD70042321C /* PBXTargetDependency */ = {
			isa = PBXTargetDependency;
			target = 6BDE0BD922D2DCD60042321C /* SwiftDemo */;
			targetProxy = 6BDE0BFA22D2DCD70042321C /* PBXContainerItemProxy */;
		};
/* End PBXTargetDependency section */

/* Begin PBXVariantGroup section */
		6BDE0BE122D2DCD60042321C /* Main.storyboard */ = {
			isa = PBXVariantGroup;
			children = (
				6BDE0BE222D2DCD60042321C /* Base */,
			);
			name = Main.storyboard;
			sourceTree = "<group>";
		};
		6BDE0BE622D2DCD70042321C /* LaunchScreen.storyboard */ = {
			isa = PBXVariantGroup;
			children = (
				6BDE0BE722D2DCD70042321C /* Base */,
			);
			name = LaunchScreen.storyboard;
			sourceTree = "<group>";
		};
/* End PBXVariantGroup section */

/* Begin XCBuildConfiguration section */
		6BDE0C0022D2DCD70042321C /* Debug */ = {
			isa = XCBuildConfiguration;
			buildSettings = {
				ALWAYS_SEARCH_USER_PATHS = NO;
				CLANG_ANALYZER_NONNULL = YES;
				CLANG_ANALYZER_NUMBER_OBJECT_CONVERSION = YES_AGGRESSIVE;
				CLANG_CXX_LANGUAGE_STANDARD = "gnu++14";
				CLANG_CXX_LIBRARY = "libc++";
				CLANG_ENABLE_MODULES = YES;
				CLANG_ENABLE_OBJC_ARC = YES;
				CLANG_ENABLE_OBJC_WEAK = YES;
				CLANG_WARN_BLOCK_CAPTURE_AUTORELEASING = YES;
				CLANG_WARN_BOOL_CONVERSION = YES;
				CLANG_WARN_COMMA = YES;
				CLANG_WARN_CONSTANT_CONVERSION = YES;
				CLANG_WARN_DEPRECATED_OBJC_IMPLEMENTATIONS = YES;
				CLANG_WARN_DIRECT_OBJC_ISA_USAGE = YES_ERROR;
				CLANG_WARN_DOCUMENTATION_COMMENTS = YES;
				CLANG_WARN_EMPTY_BODY = YES;
				CLANG_WARN_ENUM_CONVERSION = YES;
				CLANG_WARN_INFINITE_RECURSION = YES;
				CLANG_WARN_INT_CONVERSION = YES;
				CLANG_WARN_NON_LITERAL_NULL_CONVERSION = YES;
				CLANG_WARN_OBJC_IMPLICIT_RETAIN_SELF = YES;
				CLANG_WARN_OBJC_LITERAL_CONVERSION = YES;
				CLANG_WARN_OBJC_ROOT_CLASS = YES_ERROR;
				CLANG_WARN_RANGE_LOOP_ANALYSIS = YES;
				CLANG_WARN_STRICT_PROTOTYPES = YES;
				CLANG_WARN_SUSPICIOUS_MOVE = YES;
				CLANG_WARN_UNGUARDED_AVAILABILITY = YES_AGGRESSIVE;
				CLANG_WARN_UNREACHABLE_CODE = YES;
				CLANG_WARN__DUPLICATE_METHOD_MATCH = YES;
				CODE_SIGN_IDENTITY = "iPhone Developer";
				COPY_PHASE_STRIP = NO;
				DEBUG_INFORMATION_FORMAT = dwarf;
				ENABLE_STRICT_OBJC_MSGSEND = YES;
				ENABLE_TESTABILITY = YES;
				GCC_C_LANGUAGE_STANDARD = gnu11;
				GCC_DYNAMIC_NO_PIC = NO;
				GCC_NO_COMMON_BLOCKS = YES;
				GCC_OPTIMIZATION_LEVEL = 0;
				GCC_PREPROCESSOR_DEFINITIONS = (
					"DEBUG=1",
					"$(inherited)",
				);
				GCC_WARN_64_TO_32_BIT_CONVERSION = YES;
				GCC_WARN_ABOUT_RETURN_TYPE = YES_ERROR;
				GCC_WARN_UNDECLARED_SELECTOR = YES;
				GCC_WARN_UNINITIALIZED_AUTOS = YES_AGGRESSIVE;
				GCC_WARN_UNUSED_FUNCTION = YES;
				GCC_WARN_UNUSED_VARIABLE = YES;
				IPHONEOS_DEPLOYMENT_TARGET = 12.2;
				MTL_ENABLE_DEBUG_INFO = INCLUDE_SOURCE;
				MTL_FAST_MATH = YES;
				ONLY_ACTIVE_ARCH = YES;
				SDKROOT = iphoneos;
				SWIFT_ACTIVE_COMPILATION_CONDITIONS = DEBUG;
				SWIFT_OPTIMIZATION_LEVEL = "-Onone";
			};
			name = Debug;
		};
		6BDE0C0122D2DCD70042321C /* Release */ = {
			isa = XCBuildConfiguration;
			buildSettings = {
				ALWAYS_SEARCH_USER_PATHS = NO;
				CLANG_ANALYZER_NONNULL = YES;
				CLANG_ANALYZER_NUMBER_OBJECT_CONVERSION = YES_AGGRESSIVE;
				CLANG_CXX_LANGUAGE_STANDARD = "gnu++14";
				CLANG_CXX_LIBRARY = "libc++";
				CLANG_ENABLE_MODULES = YES;
				CLANG_ENABLE_OBJC_ARC = YES;
				CLANG_ENABLE_OBJC_WEAK = YES;
				CLANG_WARN_BLOCK_CAPTURE_AUTORELEASING = YES;
				CLANG_WARN_BOOL_CONVERSION = YES;
				CLANG_WARN_COMMA = YES;
				CLANG_WARN_CONSTANT_CONVERSION = YES;
				CLANG_WARN_DEPRECATED_OBJC_IMPLEMENTATIONS = YES;
				CLANG_WARN_DIRECT_OBJC_ISA_USAGE = YES_ERROR;
				CLANG_WARN_DOCUMENTATION_COMMENTS = YES;
				CLANG_WARN_EMPTY_BODY = YES;
				CLANG_WARN_ENUM_CONVERSION = YES;
				CLANG_WARN_INFINITE_RECURSION = YES;
				CLANG_WARN_INT_CONVERSION = YES;
				CLANG_WARN_NON_LITERAL_NULL_CONVERSION = YES;
				CLANG_WARN_OBJC_IMPLICIT_RETAIN_SELF = YES;
				CLANG_WARN_OBJC_LITERAL_CONVERSION = YES;
				CLANG_WARN_OBJC_ROOT_CLASS = YES_ERROR;
				CLANG_WARN_RANGE_LOOP_ANALYSIS = YES;
				CLANG_WARN_STRICT_PROTOTYPES = YES;
				CLANG_WARN_SUSPICIOUS_MOVE = YES;
				CLANG_WARN_UNGUARDED_AVAILABILITY = YES_AGGRESSIVE;
				CLANG_WARN_UNREACHABLE_CODE = YES;
				CLANG_WARN__DUPLICATE_METHOD_MATCH = YES;
				CODE_SIGN_IDENTITY = "iPhone Developer";
				COPY_PHASE_STRIP = NO;
				DEBUG_INFORMATION_FORMAT = "dwarf-with-dsym";
				ENABLE_NS_ASSERTIONS = NO;
				ENABLE_STRICT_OBJC_MSGSEND = YES;
				GCC_C_LANGUAGE_STANDARD = gnu11;
				GCC_NO_COMMON_BLOCKS = YES;
				GCC_WARN_64_TO_32_BIT_CONVERSION = YES;
				GCC_WARN_ABOUT_RETURN_TYPE = YES_ERROR;
				GCC_WARN_UNDECLARED_SELECTOR = YES;
				GCC_WARN_UNINITIALIZED_AUTOS = YES_AGGRESSIVE;
				GCC_WARN_UNUSED_FUNCTION = YES;
				GCC_WARN_UNUSED_VARIABLE = YES;
				IPHONEOS_DEPLOYMENT_TARGET = 12.2;
				MTL_ENABLE_DEBUG_INFO = NO;
				MTL_FAST_MATH = YES;
				SDKROOT = iphoneos;
				SWIFT_COMPILATION_MODE = wholemodule;
				SWIFT_OPTIMIZATION_LEVEL = "-O";
				VALIDATE_PRODUCT = YES;
			};
			name = Release;
		};
		6BDE0C0322D2DCD70042321C /* Debug */ = {
			isa = XCBuildConfiguration;
			buildSettings = {
				ASSETCATALOG_COMPILER_APPICON_NAME = AppIcon;
				CODE_SIGN_STYLE = Automatic;
				DEVELOPMENT_TEAM = 9BEVZGB29V;
				INFOPLIST_FILE = SwiftDemo/Info.plist;
				LD_RUNPATH_SEARCH_PATHS = (
					"$(inherited)",
					"@executable_path/Frameworks",
				);
				PRODUCT_BUNDLE_IDENTIFIER = wjs.SwiftDemo;
				PRODUCT_NAME = "$(TARGET_NAME)";
				SWIFT_VERSION = 5.0;
				TARGETED_DEVICE_FAMILY = "1,2";
			};
			name = Debug;
		};
		6BDE0C0422D2DCD70042321C /* Release */ = {
			isa = XCBuildConfiguration;
			buildSettings = {
				ASSETCATALOG_COMPILER_APPICON_NAME = AppIcon;
				CODE_SIGN_STYLE = Automatic;
				DEVELOPMENT_TEAM = 9BEVZGB29V;
				INFOPLIST_FILE = SwiftDemo/Info.plist;
				LD_RUNPATH_SEARCH_PATHS = (
					"$(inherited)",
					"@executable_path/Frameworks",
				);
				PRODUCT_BUNDLE_IDENTIFIER = wjs.SwiftDemo;
				PRODUCT_NAME = "$(TARGET_NAME)";
				SWIFT_VERSION = 5.0;
				TARGETED_DEVICE_FAMILY = "1,2";
			};
			name = Release;
		};
		6BDE0C0622D2DCD70042321C /* Debug */ = {
			isa = XCBuildConfiguration;
			buildSettings = {
				ALWAYS_EMBED_SWIFT_STANDARD_LIBRARIES = YES;
				BUNDLE_LOADER = "$(TEST_HOST)";
				CODE_SIGN_STYLE = Automatic;
				DEVELOPMENT_TEAM = 9BEVZGB29V;
				INFOPLIST_FILE = SwiftDemoTests/Info.plist;
				LD_RUNPATH_SEARCH_PATHS = (
					"$(inherited)",
					"@executable_path/Frameworks",
					"@loader_path/Frameworks",
				);
				PRODUCT_BUNDLE_IDENTIFIER = wjs.SwiftDemoTests;
				PRODUCT_NAME = "$(TARGET_NAME)";
				SWIFT_VERSION = 5.0;
				TARGETED_DEVICE_FAMILY = "1,2";
				TEST_HOST = "$(BUILT_PRODUCTS_DIR)/SwiftDemo.app/SwiftDemo";
			};
			name = Debug;
		};
		6BDE0C0722D2DCD70042321C /* Release */ = {
			isa = XCBuildConfiguration;
			buildSettings = {
				ALWAYS_EMBED_SWIFT_STANDARD_LIBRARIES = YES;
				BUNDLE_LOADER = "$(TEST_HOST)";
				CODE_SIGN_STYLE = Automatic;
				DEVELOPMENT_TEAM = 9BEVZGB29V;
				INFOPLIST_FILE = SwiftDemoTests/Info.plist;
				LD_RUNPATH_SEARCH_PATHS = (
					"$(inherited)",
					"@executable_path/Frameworks",
					"@loader_path/Frameworks",
				);
				PRODUCT_BUNDLE_IDENTIFIER = wjs.SwiftDemoTests;
				PRODUCT_NAME = "$(TARGET_NAME)";
				SWIFT_VERSION = 5.0;
				TARGETED_DEVICE_FAMILY = "1,2";
				TEST_HOST = "$(BUILT_PRODUCTS_DIR)/SwiftDemo.app/SwiftDemo";
			};
			name = Release;
		};
		6BDE0C0922D2DCD70042321C /* Debug */ = {
			isa = XCBuildConfiguration;
			buildSettings = {
				ALWAYS_EMBED_SWIFT_STANDARD_LIBRARIES = YES;
				CODE_SIGN_STYLE = Automatic;
				DEVELOPMENT_TEAM = 9BEVZGB29V;
				INFOPLIST_FILE = SwiftDemoUITests/Info.plist;
				LD_RUNPATH_SEARCH_PATHS = (
					"$(inherited)",
					"@executable_path/Frameworks",
					"@loader_path/Frameworks",
				);
				PRODUCT_BUNDLE_IDENTIFIER = wjs.SwiftDemoUITests;
				PRODUCT_NAME = "$(TARGET_NAME)";
				SWIFT_VERSION = 5.0;
				TARGETED_DEVICE_FAMILY = "1,2";
				TEST_TARGET_NAME = SwiftDemo;
			};
			name = Debug;
		};
		6BDE0C0A22D2DCD70042321C /* Release */ = {
			isa = XCBuildConfiguration;
			buildSettings = {
				ALWAYS_EMBED_SWIFT_STANDARD_LIBRARIES = YES;
				CODE_SIGN_STYLE = Automatic;
				DEVELOPMENT_TEAM = 9BEVZGB29V;
				INFOPLIST_FILE = SwiftDemoUITests/Info.plist;
				LD_RUNPATH_SEARCH_PATHS = (
					"$(inherited)",
					"@executable_path/Frameworks",
					"@loader_path/Frameworks",
				);
				PRODUCT_BUNDLE_IDENTIFIER = wjs.SwiftDemoUITests;
				PRODUCT_NAME = "$(TARGET_NAME)";
				SWIFT_VERSION = 5.0;
				TARGETED_DEVICE_FAMILY = "1,2";
				TEST_TARGET_NAME = SwiftDemo;
			};
			name = Release;
		};
/* End XCBuildConfiguration section */

/* Begin XCConfigurationList section */
		6BDE0BD522D2DCD60042321C /* Build configuration list for PBXProject "SwiftDemo" */ = {
			isa = XCConfigurationList;
			buildConfigurations = (
				6BDE0C0022D2DCD70042321C /* Debug */,
				6BDE0C0122D2DCD70042321C /* Release */,
			);
			defaultConfigurationIsVisible = 0;
			defaultConfigurationName = Release;
		};
		6BDE0C0222D2DCD70042321C /* Build configuration list for PBXNativeTarget "SwiftDemo" */ = {
			isa = XCConfigurationList;
			buildConfigurations = (
				6BDE0C0322D2DCD70042321C /* Debug */,
				6BDE0C0422D2DCD70042321C /* Release */,
			);
			defaultConfigurationIsVisible = 0;
			defaultConfigurationName = Release;
		};
		6BDE0C0522D2DCD70042321C /* Build configuration list for PBXNativeTarget "SwiftDemoTests" */ = {
			isa = XCConfigurationList;
			buildConfigurations = (
				6BDE0C0622D2DCD70042321C /* Debug */,
				6BDE0C0722D2DCD70042321C /* Release */,
			);
			defaultConfigurationIsVisible = 0;
			defaultConfigurationName = Release;
		};
		6BDE0C0822D2DCD70042321C /* Build configuration list for PBXNativeTarget "SwiftDemoUITests" */ = {
			isa = XCConfigurationList;
			buildConfigurations = (
				6BDE0C0922D2DCD70042321C /* Debug */,
				6BDE0C0A22D2DCD70042321C /* Release */,
			);
			defaultConfigurationIsVisible = 0;
			defaultConfigurationName = Release;
		};
/* End XCConfigurationList section */
	};
	rootObject = 6BDE0BD222D2DCD60042321C /* Project object */;
}
