// !$*UTF8*$!
{
	archiveVersion = 1;
	classes = {
	};
	objectVersion = 50;
	objects = {

/* Begin PBXBuildFile section */
		6B8731E422E6BB3100FE8D24 /* TestView.swift in Sources */ = {isa = PBXBuildFile; fileRef = 6B8731E322E6BB3100FE8D24 /* TestView.swift */; };
		6B8731F622E72CE000FE8D24 /* CloseButton.swift in Sources */ = {isa = PBXBuildFile; fileRef = 6B8731F222E72CE000FE8D24 /* CloseButton.swift */; };
		6B8731F722E72CE000FE8D24 /* TagView.swift in Sources */ = {isa = PBXBuildFile; fileRef = 6B8731F322E72CE000FE8D24 /* TagView.swift */; };
		6B8731F822E72CE000FE8D24 /* TagListView.swift in Sources */ = {isa = PBXBuildFile; fileRef = 6B8731F422E72CE000FE8D24 /* TagListView.swift */; };
		6BF91F3B229D02A2005E63E7 /* AppDelegate.swift in Sources */ = {isa = PBXBuildFile; fileRef = 6BF91F3A229D02A2005E63E7 /* AppDelegate.swift */; };
		6BF91F40229D02A2005E63E7 /* Main.storyboard in Resources */ = {isa = PBXBuildFile; fileRef = 6BF91F3E229D02A2005E63E7 /* Main.storyboard */; };
		6BF91F42229D02A3005E63E7 /* Assets.xcassets in Resources */ = {isa = PBXBuildFile; fileRef = 6BF91F41229D02A3005E63E7 /* Assets.xcassets */; };
		6BF91F45229D02A3005E63E7 /* LaunchScreen.storyboard in Resources */ = {isa = PBXBuildFile; fileRef = 6BF91F43229D02A3005E63E7 /* LaunchScreen.storyboard */; };
		6BF91F50229D02A3005E63E7 /* FormDemoTests.swift in Sources */ = {isa = PBXBuildFile; fileRef = 6BF91F4F229D02A3005E63E7 /* FormDemoTests.swift */; };
		6BF91F5B229D02A3005E63E7 /* FormDemoUITests.swift in Sources */ = {isa = PBXBuildFile; fileRef = 6BF91F5A229D02A3005E63E7 /* FormDemoUITests.swift */; };
		6BF91F6A229D05B0005E63E7 /* JMMainViewController.swift in Sources */ = {isa = PBXBuildFile; fileRef = 6BF91F68229D05B0005E63E7 /* JMMainViewController.swift */; };
		6BF91F6E229D0646005E63E7 /* JMMainViewController+Extension.swift in Sources */ = {isa = PBXBuildFile; fileRef = 6BF91F6D229D0646005E63E7 /* JMMainViewController+Extension.swift */; };
		6BF91F70229D0F3B005E63E7 /* MyView.swift in Sources */ = {isa = PBXBuildFile; fileRef = 6BF91F6F229D0F3B005E63E7 /* MyView.swift */; };
		B20EEA655E27E6A94C97A4FF /* Pods_FormDemo.framework in Frameworks */ = {isa = PBXBuildFile; fileRef = 73F1315E25B1F972AB89B9F0 /* Pods_FormDemo.framework */; };
/* End PBXBuildFile section */

/* Begin PBXContainerItemProxy section */
		6BF91F4C229D02A3005E63E7 /* PBXContainerItemProxy */ = {
			isa = PBXContainerItemProxy;
			containerPortal = 6BF91F2F229D02A2005E63E7 /* Project object */;
			proxyType = 1;
			remoteGlobalIDString = 6BF91F36229D02A2005E63E7;
			remoteInfo = FormDemo;
		};
		6BF91F57229D02A3005E63E7 /* PBXContainerItemProxy */ = {
			isa = PBXContainerItemProxy;
			containerPortal = 6BF91F2F229D02A2005E63E7 /* Project object */;
			proxyType = 1;
			remoteGlobalIDString = 6BF91F36229D02A2005E63E7;
			remoteInfo = FormDemo;
		};
/* End PBXContainerItemProxy section */

/* Begin PBXFileReference section */
		459BA5D4D26D7DF192B0F055 /* Pods-FormDemo.debug.xcconfig */ = {isa = PBXFileReference; includeInIndex = 1; lastKnownFileType = text.xcconfig; name = "Pods-FormDemo.debug.xcconfig"; path = "Target Support Files/Pods-FormDemo/Pods-FormDemo.debug.xcconfig"; sourceTree = "<group>"; };
		6B8731E322E6BB3100FE8D24 /* TestView.swift */ = {isa = PBXFileReference; lastKnownFileType = sourcecode.swift; path = TestView.swift; sourceTree = "<group>"; };
		6B8731F222E72CE000FE8D24 /* CloseButton.swift */ = {isa = PBXFileReference; fileEncoding = 4; lastKnownFileType = sourcecode.swift; path = CloseButton.swift; sourceTree = "<group>"; };
		6B8731F322E72CE000FE8D24 /* TagView.swift */ = {isa = PBXFileReference; fileEncoding = 4; lastKnownFileType = sourcecode.swift; path = TagView.swift; sourceTree = "<group>"; };
		6B8731F422E72CE000FE8D24 /* TagListView.swift */ = {isa = PBXFileReference; fileEncoding = 4; lastKnownFileType = sourcecode.swift; path = TagListView.swift; sourceTree = "<group>"; };
		6BF91F37229D02A2005E63E7 /* FormDemo.app */ = {isa = PBXFileReference; explicitFileType = wrapper.application; includeInIndex = 0; path = FormDemo.app; sourceTree = BUILT_PRODUCTS_DIR; };
		6BF91F3A229D02A2005E63E7 /* AppDelegate.swift */ = {isa = PBXFileReference; lastKnownFileType = sourcecode.swift; path = AppDelegate.swift; sourceTree = "<group>"; };
		6BF91F3F229D02A2005E63E7 /* Base */ = {isa = PBXFileReference; lastKnownFileType = file.storyboard; name = Base; path = Base.lproj/Main.storyboard; sourceTree = "<group>"; };
		6BF91F41229D02A3005E63E7 /* Assets.xcassets */ = {isa = PBXFileReference; lastKnownFileType = folder.assetcatalog; path = Assets.xcassets; sourceTree = "<group>"; };
		6BF91F44229D02A3005E63E7 /* Base */ = {isa = PBXFileReference; lastKnownFileType = file.storyboard; name = Base; path = Base.lproj/LaunchScreen.storyboard; sourceTree = "<group>"; };
		6BF91F46229D02A3005E63E7 /* Info.plist */ = {isa = PBXFileReference; lastKnownFileType = text.plist.xml; path = Info.plist; sourceTree = "<group>"; };
		6BF91F4B229D02A3005E63E7 /* FormDemoTests.xctest */ = {isa = PBXFileReference; explicitFileType = wrapper.cfbundle; includeInIndex = 0; path = FormDemoTests.xctest; sourceTree = BUILT_PRODUCTS_DIR; };
		6BF91F4F229D02A3005E63E7 /* FormDemoTests.swift */ = {isa = PBXFileReference; lastKnownFileType = sourcecode.swift; path = FormDemoTests.swift; sourceTree = "<group>"; };
		6BF91F51229D02A3005E63E7 /* Info.plist */ = {isa = PBXFileReference; lastKnownFileType = text.plist.xml; path = Info.plist; sourceTree = "<group>"; };
		6BF91F56229D02A3005E63E7 /* FormDemoUITests.xctest */ = {isa = PBXFileReference; explicitFileType = wrapper.cfbundle; includeInIndex = 0; path = FormDemoUITests.xctest; sourceTree = BUILT_PRODUCTS_DIR; };
		6BF91F5A229D02A3005E63E7 /* FormDemoUITests.swift */ = {isa = PBXFileReference; lastKnownFileType = sourcecode.swift; path = FormDemoUITests.swift; sourceTree = "<group>"; };
		6BF91F5C229D02A3005E63E7 /* Info.plist */ = {isa = PBXFileReference; lastKnownFileType = text.plist.xml; path = Info.plist; sourceTree = "<group>"; };
		6BF91F68229D05B0005E63E7 /* JMMainViewController.swift */ = {isa = PBXFileReference; lastKnownFileType = sourcecode.swift; path = JMMainViewController.swift; sourceTree = "<group>"; };
		6BF91F6D229D0646005E63E7 /* JMMainViewController+Extension.swift */ = {isa = PBXFileReference; lastKnownFileType = sourcecode.swift; path = "JMMainViewController+Extension.swift"; sourceTree = "<group>"; };
		6BF91F6F229D0F3B005E63E7 /* MyView.swift */ = {isa = PBXFileReference; lastKnownFileType = sourcecode.swift; path = MyView.swift; sourceTree = "<group>"; };
		73F1315E25B1F972AB89B9F0 /* Pods_FormDemo.framework */ = {isa = PBXFileReference; explicitFileType = wrapper.framework; includeInIndex = 0; path = Pods_FormDemo.framework; sourceTree = BUILT_PRODUCTS_DIR; };
		84586DE842FDE7DB6BE978A2 /* Pods-FormDemo.release.xcconfig */ = {isa = PBXFileReference; includeInIndex = 1; lastKnownFileType = text.xcconfig; name = "Pods-FormDemo.release.xcconfig"; path = "Target Support Files/Pods-FormDemo/Pods-FormDemo.release.xcconfig"; sourceTree = "<group>"; };
/* End PBXFileReference section */

/* Begin PBXFrameworksBuildPhase section */
		6BF91F34229D02A2005E63E7 /* Frameworks */ = {
			isa = PBXFrameworksBuildPhase;
			buildActionMask = 2147483647;
			files = (
				B20EEA655E27E6A94C97A4FF /* Pods_FormDemo.framework in Frameworks */,
			);
			runOnlyForDeploymentPostprocessing = 0;
		};
		6BF91F48229D02A3005E63E7 /* Frameworks */ = {
			isa = PBXFrameworksBuildPhase;
			buildActionMask = 2147483647;
			files = (
			);
			runOnlyForDeploymentPostprocessing = 0;
		};
		6BF91F53229D02A3005E63E7 /* Frameworks */ = {
			isa = PBXFrameworksBuildPhase;
			buildActionMask = 2147483647;
			files = (
			);
			runOnlyForDeploymentPostprocessing = 0;
		};
/* End PBXFrameworksBuildPhase section */

/* Begin PBXGroup section */
		23CA2EEA1439B3E22CE4F7EC /* Pods */ = {
			isa = PBXGroup;
			children = (
				459BA5D4D26D7DF192B0F055 /* Pods-FormDemo.debug.xcconfig */,
				84586DE842FDE7DB6BE978A2 /* Pods-FormDemo.release.xcconfig */,
			);
			path = Pods;
			sourceTree = "<group>";
		};
		6B8731F022E72CE000FE8D24 /* TagListView */ = {
			isa = PBXGroup;
			children = (
				6B8731F422E72CE000FE8D24 /* TagListView.swift */,
				6B8731F222E72CE000FE8D24 /* CloseButton.swift */,
				6B8731F322E72CE000FE8D24 /* TagView.swift */,
			);
			path = TagListView;
			sourceTree = "<group>";
		};
		6BF91F2E229D02A2005E63E7 = {
			isa = PBXGroup;
			children = (
				6BF91F39229D02A2005E63E7 /* FormDemo */,
				6BF91F4E229D02A3005E63E7 /* FormDemoTests */,
				6BF91F59229D02A3005E63E7 /* FormDemoUITests */,
				6BF91F38229D02A2005E63E7 /* Products */,
				23CA2EEA1439B3E22CE4F7EC /* Pods */,
				84FB4DDF077D1DA1EA4035B1 /* Frameworks */,
			);
			sourceTree = "<group>";
		};
		6BF91F38229D02A2005E63E7 /* Products */ = {
			isa = PBXGroup;
			children = (
				6BF91F37229D02A2005E63E7 /* FormDemo.app */,
				6BF91F4B229D02A3005E63E7 /* FormDemoTests.xctest */,
				6BF91F56229D02A3005E63E7 /* FormDemoUITests.xctest */,
			);
			name = Products;
			sourceTree = "<group>";
		};
		6BF91F39229D02A2005E63E7 /* FormDemo */ = {
			isa = PBXGroup;
			children = (
				6B8731F022E72CE000FE8D24 /* TagListView */,
				6BF91F6C229D0616005E63E7 /* FormDemo */,
				6BF91F3A229D02A2005E63E7 /* AppDelegate.swift */,
				6BF91F68229D05B0005E63E7 /* JMMainViewController.swift */,
				6B8731E322E6BB3100FE8D24 /* TestView.swift */,
				6BF91F3E229D02A2005E63E7 /* Main.storyboard */,
				6BF91F41229D02A3005E63E7 /* Assets.xcassets */,
				6BF91F43229D02A3005E63E7 /* LaunchScreen.storyboard */,
				6BF91F46229D02A3005E63E7 /* Info.plist */,
			);
			path = FormDemo;
			sourceTree = "<group>";
		};
		6BF91F4E229D02A3005E63E7 /* FormDemoTests */ = {
			isa = PBXGroup;
			children = (
				6BF91F4F229D02A3005E63E7 /* FormDemoTests.swift */,
				6BF91F51229D02A3005E63E7 /* Info.plist */,
			);
			path = FormDemoTests;
			sourceTree = "<group>";
		};
		6BF91F59229D02A3005E63E7 /* FormDemoUITests */ = {
			isa = PBXGroup;
			children = (
				6BF91F5A229D02A3005E63E7 /* FormDemoUITests.swift */,
				6BF91F5C229D02A3005E63E7 /* Info.plist */,
			);
			path = FormDemoUITests;
			sourceTree = "<group>";
		};
		6BF91F6C229D0616005E63E7 /* FormDemo */ = {
			isa = PBXGroup;
			children = (
				6BF91F6D229D0646005E63E7 /* JMMainViewController+Extension.swift */,
				6BF91F6F229D0F3B005E63E7 /* MyView.swift */,
			);
			path = FormDemo;
			sourceTree = "<group>";
		};
		84FB4DDF077D1DA1EA4035B1 /* Frameworks */ = {
			isa = PBXGroup;
			children = (
				73F1315E25B1F972AB89B9F0 /* Pods_FormDemo.framework */,
			);
			name = Frameworks;
			sourceTree = "<group>";
		};
/* End PBXGroup section */

/* Begin PBXNativeTarget section */
		6BF91F36229D02A2005E63E7 /* FormDemo */ = {
			isa = PBXNativeTarget;
			buildConfigurationList = 6BF91F5F229D02A3005E63E7 /* Build configuration list for PBXNativeTarget "FormDemo" */;
			buildPhases = (
				037075C78560A56F55FE69A9 /* [CP] Check Pods Manifest.lock */,
				6BF91F33229D02A2005E63E7 /* Sources */,
				6BF91F34229D02A2005E63E7 /* Frameworks */,
				6BF91F35229D02A2005E63E7 /* Resources */,
				6F612F8FD63620CC16180D36 /* [CP] Embed Pods Frameworks */,
			);
			buildRules = (
			);
			dependencies = (
			);
			name = FormDemo;
			productName = FormDemo;
			productReference = 6BF91F37229D02A2005E63E7 /* FormDemo.app */;
			productType = "com.apple.product-type.application";
		};
		6BF91F4A229D02A3005E63E7 /* FormDemoTests */ = {
			isa = PBXNativeTarget;
			buildConfigurationList = 6BF91F62229D02A3005E63E7 /* Build configuration list for PBXNativeTarget "FormDemoTests" */;
			buildPhases = (
				6BF91F47229D02A3005E63E7 /* Sources */,
				6BF91F48229D02A3005E63E7 /* Frameworks */,
				6BF91F49229D02A3005E63E7 /* Resources */,
			);
			buildRules = (
			);
			dependencies = (
				6BF91F4D229D02A3005E63E7 /* PBXTargetDependency */,
			);
			name = FormDemoTests;
			productName = FormDemoTests;
			productReference = 6BF91F4B229D02A3005E63E7 /* FormDemoTests.xctest */;
			productType = "com.apple.product-type.bundle.unit-test";
		};
		6BF91F55229D02A3005E63E7 /* FormDemoUITests */ = {
			isa = PBXNativeTarget;
			buildConfigurationList = 6BF91F65229D02A3005E63E7 /* Build configuration list for PBXNativeTarget "FormDemoUITests" */;
			buildPhases = (
				6BF91F52229D02A3005E63E7 /* Sources */,
				6BF91F53229D02A3005E63E7 /* Frameworks */,
				6BF91F54229D02A3005E63E7 /* Resources */,
			);
			buildRules = (
			);
			dependencies = (
				6BF91F58229D02A3005E63E7 /* PBXTargetDependency */,
			);
			name = FormDemoUITests;
			productName = FormDemoUITests;
			productReference = 6BF91F56229D02A3005E63E7 /* FormDemoUITests.xctest */;
			productType = "com.apple.product-type.bundle.ui-testing";
		};
/* End PBXNativeTarget section */

/* Begin PBXProject section */
		6BF91F2F229D02A2005E63E7 /* Project object */ = {
			isa = PBXProject;
			attributes = {
				LastSwiftUpdateCheck = 1020;
				LastUpgradeCheck = 1020;
				ORGANIZATIONNAME = "山神";
				TargetAttributes = {
					6BF91F36229D02A2005E63E7 = {
						CreatedOnToolsVersion = 10.2.1;
					};
					6BF91F4A229D02A3005E63E7 = {
						CreatedOnToolsVersion = 10.2.1;
						TestTargetID = 6BF91F36229D02A2005E63E7;
					};
					6BF91F55229D02A3005E63E7 = {
						CreatedOnToolsVersion = 10.2.1;
						TestTargetID = 6BF91F36229D02A2005E63E7;
					};
				};
			};
			buildConfigurationList = 6BF91F32229D02A2005E63E7 /* Build configuration list for PBXProject "FormDemo" */;
			compatibilityVersion = "Xcode 9.3";
			developmentRegion = en;
			hasScannedForEncodings = 0;
			knownRegions = (
				en,
				Base,
			);
			mainGroup = 6BF91F2E229D02A2005E63E7;
			productRefGroup = 6BF91F38229D02A2005E63E7 /* Products */;
			projectDirPath = "";
			projectRoot = "";
			targets = (
				6BF91F36229D02A2005E63E7 /* FormDemo */,
				6BF91F4A229D02A3005E63E7 /* FormDemoTests */,
				6BF91F55229D02A3005E63E7 /* FormDemoUITests */,
			);
		};
/* End PBXProject section */

/* Begin PBXResourcesBuildPhase section */
		6BF91F35229D02A2005E63E7 /* Resources */ = {
			isa = PBXResourcesBuildPhase;
			buildActionMask = 2147483647;
			files = (
				6BF91F45229D02A3005E63E7 /* LaunchScreen.storyboard in Resources */,
				6BF91F42229D02A3005E63E7 /* Assets.xcassets in Resources */,
				6BF91F40229D02A2005E63E7 /* Main.storyboard in Resources */,
			);
			runOnlyForDeploymentPostprocessing = 0;
		};
		6BF91F49229D02A3005E63E7 /* Resources */ = {
			isa = PBXResourcesBuildPhase;
			buildActionMask = 2147483647;
			files = (
			);
			runOnlyForDeploymentPostprocessing = 0;
		};
		6BF91F54229D02A3005E63E7 /* Resources */ = {
			isa = PBXResourcesBuildPhase;
			buildActionMask = 2147483647;
			files = (
			);
			runOnlyForDeploymentPostprocessing = 0;
		};
/* End PBXResourcesBuildPhase section */

/* Begin PBXShellScriptBuildPhase section */
		037075C78560A56F55FE69A9 /* [CP] Check Pods Manifest.lock */ = {
			isa = PBXShellScriptBuildPhase;
			buildActionMask = 2147483647;
			files = (
			);
			inputFileListPaths = (
			);
			inputPaths = (
				"${PODS_PODFILE_DIR_PATH}/Podfile.lock",
				"${PODS_ROOT}/Manifest.lock",
			);
			name = "[CP] Check Pods Manifest.lock";
			outputFileListPaths = (
			);
			outputPaths = (
				"$(DERIVED_FILE_DIR)/Pods-FormDemo-checkManifestLockResult.txt",
			);
			runOnlyForDeploymentPostprocessing = 0;
			shellPath = /bin/sh;
			shellScript = "diff \"${PODS_PODFILE_DIR_PATH}/Podfile.lock\" \"${PODS_ROOT}/Manifest.lock\" > /dev/null\nif [ $? != 0 ] ; then\n    # print error to STDERR\n    echo \"error: The sandbox is not in sync with the Podfile.lock. Run 'pod install' or update your CocoaPods installation.\" >&2\n    exit 1\nfi\n# This output is used by Xcode 'outputs' to avoid re-running this script phase.\necho \"SUCCESS\" > \"${SCRIPT_OUTPUT_FILE_0}\"\n";
			showEnvVarsInLog = 0;
		};
		6F612F8FD63620CC16180D36 /* [CP] Embed Pods Frameworks */ = {
			isa = PBXShellScriptBuildPhase;
			buildActionMask = 2147483647;
			files = (
			);
			inputFileListPaths = (
			);
			inputPaths = (
				"${PODS_ROOT}/Target Support Files/Pods-FormDemo/Pods-FormDemo-frameworks.sh",
				"${BUILT_PRODUCTS_DIR}/Eureka/Eureka.framework",
				"${BUILT_PRODUCTS_DIR}/SnapKit/SnapKit.framework",
			);
			name = "[CP] Embed Pods Frameworks";
			outputFileListPaths = (
			);
			outputPaths = (
				"${TARGET_BUILD_DIR}/${FRAMEWORKS_FOLDER_PATH}/Eureka.framework",
				"${TARGET_BUILD_DIR}/${FRAMEWORKS_FOLDER_PATH}/SnapKit.framework",
			);
			runOnlyForDeploymentPostprocessing = 0;
			shellPath = /bin/sh;
			shellScript = "\"${PODS_ROOT}/Target Support Files/Pods-FormDemo/Pods-FormDemo-frameworks.sh\"\n";
			showEnvVarsInLog = 0;
		};
/* End PBXShellScriptBuildPhase section */

/* Begin PBXSourcesBuildPhase section */
		6BF91F33229D02A2005E63E7 /* Sources */ = {
			isa = PBXSourcesBuildPhase;
			buildActionMask = 2147483647;
			files = (
				6B8731F622E72CE000FE8D24 /* CloseButton.swift in Sources */,
				6BF91F70229D0F3B005E63E7 /* MyView.swift in Sources */,
				6B8731E422E6BB3100FE8D24 /* TestView.swift in Sources */,
				6BF91F3B229D02A2005E63E7 /* AppDelegate.swift in Sources */,
				6B8731F722E72CE000FE8D24 /* TagView.swift in Sources */,
				6BF91F6E229D0646005E63E7 /* JMMainViewController+Extension.swift in Sources */,
				6BF91F6A229D05B0005E63E7 /* JMMainViewController.swift in Sources */,
				6B8731F822E72CE000FE8D24 /* TagListView.swift in Sources */,
			);
			runOnlyForDeploymentPostprocessing = 0;
		};
		6BF91F47229D02A3005E63E7 /* Sources */ = {
			isa = PBXSourcesBuildPhase;
			buildActionMask = 2147483647;
			files = (
				6BF91F50229D02A3005E63E7 /* FormDemoTests.swift in Sources */,
			);
			runOnlyForDeploymentPostprocessing = 0;
		};
		6BF91F52229D02A3005E63E7 /* Sources */ = {
			isa = PBXSourcesBuildPhase;
			buildActionMask = 2147483647;
			files = (
				6BF91F5B229D02A3005E63E7 /* FormDemoUITests.swift in Sources */,
			);
			runOnlyForDeploymentPostprocessing = 0;
		};
/* End PBXSourcesBuildPhase section */

/* Begin PBXTargetDependency section */
		6BF91F4D229D02A3005E63E7 /* PBXTargetDependency */ = {
			isa = PBXTargetDependency;
			target = 6BF91F36229D02A2005E63E7 /* FormDemo */;
			targetProxy = 6BF91F4C229D02A3005E63E7 /* PBXContainerItemProxy */;
		};
		6BF91F58229D02A3005E63E7 /* PBXTargetDependency */ = {
			isa = PBXTargetDependency;
			target = 6BF91F36229D02A2005E63E7 /* FormDemo */;
			targetProxy = 6BF91F57229D02A3005E63E7 /* PBXContainerItemProxy */;
		};
/* End PBXTargetDependency section */

/* Begin PBXVariantGroup section */
		6BF91F3E229D02A2005E63E7 /* Main.storyboard */ = {
			isa = PBXVariantGroup;
			children = (
				6BF91F3F229D02A2005E63E7 /* Base */,
			);
			name = Main.storyboard;
			sourceTree = "<group>";
		};
		6BF91F43229D02A3005E63E7 /* LaunchScreen.storyboard */ = {
			isa = PBXVariantGroup;
			children = (
				6BF91F44229D02A3005E63E7 /* Base */,
			);
			name = LaunchScreen.storyboard;
			sourceTree = "<group>";
		};
/* End PBXVariantGroup section */

/* Begin XCBuildConfiguration section */
		6BF91F5D229D02A3005E63E7 /* Debug */ = {
			isa = XCBuildConfiguration;
			buildSettings = {
				ALWAYS_SEARCH_USER_PATHS = NO;
				CLANG_ANALYZER_NONNULL = YES;
				CLANG_ANALYZER_NUMBER_OBJECT_CONVERSION = YES_AGGRESSIVE;
				CLANG_CXX_LANGUAGE_STANDARD = "gnu++14";
				CLANG_CXX_LIBRARY = "libc++";
				CLANG_ENABLE_MODULES = YES;
				CLANG_ENABLE_OBJC_ARC = YES;
				CLANG_ENABLE_OBJC_WEAK = YES;
				CLANG_WARN_BLOCK_CAPTURE_AUTORELEASING = YES;
				CLANG_WARN_BOOL_CONVERSION = YES;
				CLANG_WARN_COMMA = YES;
				CLANG_WARN_CONSTANT_CONVERSION = YES;
				CLANG_WARN_DEPRECATED_OBJC_IMPLEMENTATIONS = YES;
				CLANG_WARN_DIRECT_OBJC_ISA_USAGE = YES_ERROR;
				CLANG_WARN_DOCUMENTATION_COMMENTS = YES;
				CLANG_WARN_EMPTY_BODY = YES;
				CLANG_WARN_ENUM_CONVERSION = YES;
				CLANG_WARN_INFINITE_RECURSION = YES;
				CLANG_WARN_INT_CONVERSION = YES;
				CLANG_WARN_NON_LITERAL_NULL_CONVERSION = YES;
				CLANG_WARN_OBJC_IMPLICIT_RETAIN_SELF = YES;
				CLANG_WARN_OBJC_LITERAL_CONVERSION = YES;
				CLANG_WARN_OBJC_ROOT_CLASS = YES_ERROR;
				CLANG_WARN_RANGE_LOOP_ANALYSIS = YES;
				CLANG_WARN_STRICT_PROTOTYPES = YES;
				CLANG_WARN_SUSPICIOUS_MOVE = YES;
				CLANG_WARN_UNGUARDED_AVAILABILITY = YES_AGGRESSIVE;
				CLANG_WARN_UNREACHABLE_CODE = YES;
				CLANG_WARN__DUPLICATE_METHOD_MATCH = YES;
				CODE_SIGN_IDENTITY = "iPhone Developer";
				COPY_PHASE_STRIP = NO;
				DEBUG_INFORMATION_FORMAT = dwarf;
				ENABLE_STRICT_OBJC_MSGSEND = YES;
				ENABLE_TESTABILITY = YES;
				GCC_C_LANGUAGE_STANDARD = gnu11;
				GCC_DYNAMIC_NO_PIC = NO;
				GCC_NO_COMMON_BLOCKS = YES;
				GCC_OPTIMIZATION_LEVEL = 0;
				GCC_PREPROCESSOR_DEFINITIONS = (
					"DEBUG=1",
					"$(inherited)",
				);
				GCC_WARN_64_TO_32_BIT_CONVERSION = YES;
				GCC_WARN_ABOUT_RETURN_TYPE = YES_ERROR;
				GCC_WARN_UNDECLARED_SELECTOR = YES;
				GCC_WARN_UNINITIALIZED_AUTOS = YES_AGGRESSIVE;
				GCC_WARN_UNUSED_FUNCTION = YES;
				GCC_WARN_UNUSED_VARIABLE = YES;
				IPHONEOS_DEPLOYMENT_TARGET = 12.2;
				MTL_ENABLE_DEBUG_INFO = INCLUDE_SOURCE;
				MTL_FAST_MATH = YES;
				ONLY_ACTIVE_ARCH = YES;
				SDKROOT = iphoneos;
				SWIFT_ACTIVE_COMPILATION_CONDITIONS = DEBUG;
				SWIFT_OPTIMIZATION_LEVEL = "-Onone";
			};
			name = Debug;
		};
		6BF91F5E229D02A3005E63E7 /* Release */ = {
			isa = XCBuildConfiguration;
			buildSettings = {
				ALWAYS_SEARCH_USER_PATHS = NO;
				CLANG_ANALYZER_NONNULL = YES;
				CLANG_ANALYZER_NUMBER_OBJECT_CONVERSION = YES_AGGRESSIVE;
				CLANG_CXX_LANGUAGE_STANDARD = "gnu++14";
				CLANG_CXX_LIBRARY = "libc++";
				CLANG_ENABLE_MODULES = YES;
				CLANG_ENABLE_OBJC_ARC = YES;
				CLANG_ENABLE_OBJC_WEAK = YES;
				CLANG_WARN_BLOCK_CAPTURE_AUTORELEASING = YES;
				CLANG_WARN_BOOL_CONVERSION = YES;
				CLANG_WARN_COMMA = YES;
				CLANG_WARN_CONSTANT_CONVERSION = YES;
				CLANG_WARN_DEPRECATED_OBJC_IMPLEMENTATIONS = YES;
				CLANG_WARN_DIRECT_OBJC_ISA_USAGE = YES_ERROR;
				CLANG_WARN_DOCUMENTATION_COMMENTS = YES;
				CLANG_WARN_EMPTY_BODY = YES;
				CLANG_WARN_ENUM_CONVERSION = YES;
				CLANG_WARN_INFINITE_RECURSION = YES;
				CLANG_WARN_INT_CONVERSION = YES;
				CLANG_WARN_NON_LITERAL_NULL_CONVERSION = YES;
				CLANG_WARN_OBJC_IMPLICIT_RETAIN_SELF = YES;
				CLANG_WARN_OBJC_LITERAL_CONVERSION = YES;
				CLANG_WARN_OBJC_ROOT_CLASS = YES_ERROR;
				CLANG_WARN_RANGE_LOOP_ANALYSIS = YES;
				CLANG_WARN_STRICT_PROTOTYPES = YES;
				CLANG_WARN_SUSPICIOUS_MOVE = YES;
				CLANG_WARN_UNGUARDED_AVAILABILITY = YES_AGGRESSIVE;
				CLANG_WARN_UNREACHABLE_CODE = YES;
				CLANG_WARN__DUPLICATE_METHOD_MATCH = YES;
				CODE_SIGN_IDENTITY = "iPhone Developer";
				COPY_PHASE_STRIP = NO;
				DEBUG_INFORMATION_FORMAT = "dwarf-with-dsym";
				ENABLE_NS_ASSERTIONS = NO;
				ENABLE_STRICT_OBJC_MSGSEND = YES;
				GCC_C_LANGUAGE_STANDARD = gnu11;
				GCC_NO_COMMON_BLOCKS = YES;
				GCC_WARN_64_TO_32_BIT_CONVERSION = YES;
				GCC_WARN_ABOUT_RETURN_TYPE = YES_ERROR;
				GCC_WARN_UNDECLARED_SELECTOR = YES;
				GCC_WARN_UNINITIALIZED_AUTOS = YES_AGGRESSIVE;
				GCC_WARN_UNUSED_FUNCTION = YES;
				GCC_WARN_UNUSED_VARIABLE = YES;
				IPHONEOS_DEPLOYMENT_TARGET = 12.2;
				MTL_ENABLE_DEBUG_INFO = NO;
				MTL_FAST_MATH = YES;
				SDKROOT = iphoneos;
				SWIFT_COMPILATION_MODE = wholemodule;
				SWIFT_OPTIMIZATION_LEVEL = "-O";
				VALIDATE_PRODUCT = YES;
			};
			name = Release;
		};
		6BF91F60229D02A3005E63E7 /* Debug */ = {
			isa = XCBuildConfiguration;
			baseConfigurationReference = 459BA5D4D26D7DF192B0F055 /* Pods-FormDemo.debug.xcconfig */;
			buildSettings = {
				ASSETCATALOG_COMPILER_APPICON_NAME = AppIcon;
				CODE_SIGN_STYLE = Automatic;
				DEVELOPMENT_TEAM = 9BEVZGB29V;
				INFOPLIST_FILE = FormDemo/Info.plist;
				LD_RUNPATH_SEARCH_PATHS = (
					"$(inherited)",
					"@executable_path/Frameworks",
				);
				PRODUCT_BUNDLE_IDENTIFIER = wjs.FormDemo;
				PRODUCT_NAME = "$(TARGET_NAME)";
				SWIFT_VERSION = 5.0;
				TARGETED_DEVICE_FAMILY = "1,2";
			};
			name = Debug;
		};
		6BF91F61229D02A3005E63E7 /* Release */ = {
			isa = XCBuildConfiguration;
			baseConfigurationReference = 84586DE842FDE7DB6BE978A2 /* Pods-FormDemo.release.xcconfig */;
			buildSettings = {
				ASSETCATALOG_COMPILER_APPICON_NAME = AppIcon;
				CODE_SIGN_STYLE = Automatic;
				DEVELOPMENT_TEAM = 9BEVZGB29V;
				INFOPLIST_FILE = FormDemo/Info.plist;
				LD_RUNPATH_SEARCH_PATHS = (
					"$(inherited)",
					"@executable_path/Frameworks",
				);
				PRODUCT_BUNDLE_IDENTIFIER = wjs.FormDemo;
				PRODUCT_NAME = "$(TARGET_NAME)";
				SWIFT_VERSION = 5.0;
				TARGETED_DEVICE_FAMILY = "1,2";
			};
			name = Release;
		};
		6BF91F63229D02A3005E63E7 /* Debug */ = {
			isa = XCBuildConfiguration;
			buildSettings = {
				ALWAYS_EMBED_SWIFT_STANDARD_LIBRARIES = YES;
				BUNDLE_LOADER = "$(TEST_HOST)";
				CODE_SIGN_STYLE = Automatic;
				DEVELOPMENT_TEAM = 9BEVZGB29V;
				INFOPLIST_FILE = FormDemoTests/Info.plist;
				LD_RUNPATH_SEARCH_PATHS = (
					"$(inherited)",
					"@executable_path/Frameworks",
					"@loader_path/Frameworks",
				);
				PRODUCT_BUNDLE_IDENTIFIER = wjs.FormDemoTests;
				PRODUCT_NAME = "$(TARGET_NAME)";
				SWIFT_VERSION = 5.0;
				TARGETED_DEVICE_FAMILY = "1,2";
				TEST_HOST = "$(BUILT_PRODUCTS_DIR)/FormDemo.app/FormDemo";
			};
			name = Debug;
		};
		6BF91F64229D02A3005E63E7 /* Release */ = {
			isa = XCBuildConfiguration;
			buildSettings = {
				ALWAYS_EMBED_SWIFT_STANDARD_LIBRARIES = YES;
				BUNDLE_LOADER = "$(TEST_HOST)";
				CODE_SIGN_STYLE = Automatic;
				DEVELOPMENT_TEAM = 9BEVZGB29V;
				INFOPLIST_FILE = FormDemoTests/Info.plist;
				LD_RUNPATH_SEARCH_PATHS = (
					"$(inherited)",
					"@executable_path/Frameworks",
					"@loader_path/Frameworks",
				);
				PRODUCT_BUNDLE_IDENTIFIER = wjs.FormDemoTests;
				PRODUCT_NAME = "$(TARGET_NAME)";
				SWIFT_VERSION = 5.0;
				TARGETED_DEVICE_FAMILY = "1,2";
				TEST_HOST = "$(BUILT_PRODUCTS_DIR)/FormDemo.app/FormDemo";
			};
			name = Release;
		};
		6BF91F66229D02A3005E63E7 /* Debug */ = {
			isa = XCBuildConfiguration;
			buildSettings = {
				ALWAYS_EMBED_SWIFT_STANDARD_LIBRARIES = YES;
				CODE_SIGN_STYLE = Automatic;
				DEVELOPMENT_TEAM = 9BEVZGB29V;
				INFOPLIST_FILE = FormDemoUITests/Info.plist;
				LD_RUNPATH_SEARCH_PATHS = (
					"$(inherited)",
					"@executable_path/Frameworks",
					"@loader_path/Frameworks",
				);
				PRODUCT_BUNDLE_IDENTIFIER = wjs.FormDemoUITests;
				PRODUCT_NAME = "$(TARGET_NAME)";
				SWIFT_VERSION = 5.0;
				TARGETED_DEVICE_FAMILY = "1,2";
				TEST_TARGET_NAME = FormDemo;
			};
			name = Debug;
		};
		6BF91F67229D02A3005E63E7 /* Release */ = {
			isa = XCBuildConfiguration;
			buildSettings = {
				ALWAYS_EMBED_SWIFT_STANDARD_LIBRARIES = YES;
				CODE_SIGN_STYLE = Automatic;
				DEVELOPMENT_TEAM = 9BEVZGB29V;
				INFOPLIST_FILE = FormDemoUITests/Info.plist;
				LD_RUNPATH_SEARCH_PATHS = (
					"$(inherited)",
					"@executable_path/Frameworks",
					"@loader_path/Frameworks",
				);
				PRODUCT_BUNDLE_IDENTIFIER = wjs.FormDemoUITests;
				PRODUCT_NAME = "$(TARGET_NAME)";
				SWIFT_VERSION = 5.0;
				TARGETED_DEVICE_FAMILY = "1,2";
				TEST_TARGET_NAME = FormDemo;
			};
			name = Release;
		};
/* End XCBuildConfiguration section */

/* Begin XCConfigurationList section */
		6BF91F32229D02A2005E63E7 /* Build configuration list for PBXProject "FormDemo" */ = {
			isa = XCConfigurationList;
			buildConfigurations = (
				6BF91F5D229D02A3005E63E7 /* Debug */,
				6BF91F5E229D02A3005E63E7 /* Release */,
			);
			defaultConfigurationIsVisible = 0;
			defaultConfigurationName = Release;
		};
		6BF91F5F229D02A3005E63E7 /* Build configuration list for PBXNativeTarget "FormDemo" */ = {
			isa = XCConfigurationList;
			buildConfigurations = (
				6BF91F60229D02A3005E63E7 /* Debug */,
				6BF91F61229D02A3005E63E7 /* Release */,
			);
			defaultConfigurationIsVisible = 0;
			defaultConfigurationName = Release;
		};
		6BF91F62229D02A3005E63E7 /* Build configuration list for PBXNativeTarget "FormDemoTests" */ = {
			isa = XCConfigurationList;
			buildConfigurations = (
				6BF91F63229D02A3005E63E7 /* Debug */,
				6BF91F64229D02A3005E63E7 /* Release */,
			);
			defaultConfigurationIsVisible = 0;
			defaultConfigurationName = Release;
		};
		6BF91F65229D02A3005E63E7 /* Build configuration list for PBXNativeTarget "FormDemoUITests" */ = {
			isa = XCConfigurationList;
			buildConfigurations = (
				6BF91F66229D02A3005E63E7 /* Debug */,
				6BF91F67229D02A3005E63E7 /* Release */,
			);
			defaultConfigurationIsVisible = 0;
			defaultConfigurationName = Release;
		};
/* End XCConfigurationList section */
	};
	rootObject = 6BF91F2F229D02A2005E63E7 /* Project object */;
}
